
Microsoft Visual Studio Solution File, Format Version 12.00
# Visual Studio Version 16
VisualStudioVersion = 16.0.29728.190
MinimumVisualStudioVersion = 10.0.40219.1
Project("{FAE04EC0-301F-11D3-BF4B-00C04F79EFBC}") = "Lowery_MathTutorApp", "Lowery_MathTutorApp\Lowery_MathTutorApp.csproj", "{B32FAA60-D8BF-4004-B7ED-CB5C971163E0}"
EndProject
Global
	GlobalSection(SolutionConfigurationPlatforms) = preSolution
		Debug|Any CPU = Debug|Any CPU
		Release|Any CPU = Release|Any CPU
	EndGlobalSection
	GlobalSection(ProjectConfigurationPlatforms) = postSolution
		{B32FAA60-D8BF-4004-B7ED-CB5C971163E0}.Debug|Any CPU.ActiveCfg = Debug|Any CPU
		{B32FAA60-D8BF-4004-B7ED-CB5C971163E0}.Debug|Any CPU.Build.0 = Debug|Any CPU
		{B32FAA60-D8BF-4004-B7ED-CB5C971163E0}.Release|Any CPU.ActiveCfg = Release|Any CPU
		{B32FAA60-D8BF-4004-B7ED-CB5C971163E0}.Release|Any CPU.Build.0 = Release|Any CPU
	EndGlobalSection
	GlobalSection(SolutionProperties) = preSolution
		HideSolutionNode = FALSE
	EndGlobalSection
	GlobalSection(ExtensibilityGlobals) = postSolution
		SolutionGuid = {EE605930-CD5D-460A-9CDA-52A6C60F8CC6}
	EndGlobalSection
EndGlobal
